
Microsoft Visual Studio Solution File, Format Version 9.00
# Visual Studio 2005
Project("{2150E333-8FDC-42A3-9474-1A3956D46DE8}") = "benchmarks", "benchmarks", "{1C4F00BD-9171-4F26-9F96-A9D637A6522E}"
EndProject
Project("{2150E333-8FDC-42A3-9474-1A3956D46DE8}") = "docs", "docs", "{AE8E53C6-CD99-43CA-B146-65396E8C09E6}"
EndProject
Project("{2150E333-8FDC-42A3-9474-1A3956D46DE8}") = "oplib", "oplib", "{C673C916-F78E-4B63-8073-F1DB558F8C34}"
EndProject
Project("{2150E333-8FDC-42A3-9474-1A3956D46DE8}") = "tests", "tests", "{CF4FFB46-E250-406A-A52E-3ABACE3822D6}"
EndProject
Project("{FAE04EC0-301F-11D3-BF4B-00C04F79EFBC}") = "cdgemm", "benchmarks\cdgemm\cdgemm.csproj", "{AAE50518-A8EA-413C-8E94-77ACAAE54FBF}"
EndProject
Project("{FAE04EC0-301F-11D3-BF4B-00C04F79EFBC}") = "clv", "benchmarks\clv\clv.csproj", "{D78075CE-A681-490F-B942-560121F4A533}"
EndProject
Project("{FAE04EC0-301F-11D3-BF4B-00C04F79EFBC}") = "cmt", "benchmarks\cmt\cmt.csproj", "{D0967EA2-7289-4C3A-AB2A-C28827AB03AC}"
EndProject
Project("{FAE04EC0-301F-11D3-BF4B-00C04F79EFBC}") = "csgemm", "benchmarks\csgemm\csgemm.csproj", "{53D4B772-DA09-40F9-B45E-AC34F5983952}"
EndProject
Project("{FAE04EC0-301F-11D3-BF4B-00C04F79EFBC}") = "csv", "benchmarks\csv\csv.csproj", "{36A44D3A-619A-4301-A61C-D983E1A93D33}"
EndProject
Project("{FAE04EC0-301F-11D3-BF4B-00C04F79EFBC}") = "glv", "benchmarks\glv\glv.csproj", "{DFC857A9-9F52-4828-AD17-0E0446F2FB32}"
EndProject
Project("{FAE04EC0-301F-11D3-BF4B-00C04F79EFBC}") = "gmt", "benchmarks\gmt\gmt.csproj", "{B19480B5-B1FF-407F-9650-928E26085CAB}"
EndProject
Project("{FAE04EC0-301F-11D3-BF4B-00C04F79EFBC}") = "gsgemm3", "benchmarks\gsgemm3\gsgemm3.csproj", "{38216C0C-9D69-4494-A250-BB2748A89F7C}"
EndProject
Project("{FAE04EC0-301F-11D3-BF4B-00C04F79EFBC}") = "gsgemm4", "benchmarks\gsgemm4\gsgemm4.csproj", "{7BD6A6B0-329B-48B2-BA0D-5598D692CFC7}"
EndProject
Project("{FAE04EC0-301F-11D3-BF4B-00C04F79EFBC}") = "gsgemv2", "benchmarks\gsgemv2\gsgemv2.csproj", "{3FB31EB7-3023-4D07-8F05-03BCEEA8559D}"
EndProject
Project("{FAE04EC0-301F-11D3-BF4B-00C04F79EFBC}") = "gsgemv4", "benchmarks\gsgemv4\gsgemv4.csproj", "{493C177C-7A5D-4A58-A521-A5DFD1D19493}"
EndProject
Project("{FAE04EC0-301F-11D3-BF4B-00C04F79EFBC}") = "gsv", "benchmarks\gsv\gsv.csproj", "{9DE87747-1A26-425A-B3D6-4802EEC45743}"
EndProject
Project("{FAE04EC0-301F-11D3-BF4B-00C04F79EFBC}") = "opbench", "benchmarks\opbench\opbench.csproj", "{D744BFAA-342A-41D9-8E05-B450C48A2E11}"
EndProject
Project("{8BC9CEB8-8B4A-11D0-8D11-00A0C91BC942}") = "OPC", "oplib\opc\opc.vcproj", "{C96A8622-6D87-460E-9AC7-B806214A58A6}"
EndProject
Project("{8BC9CEB8-8B4A-11D0-8D11-00A0C91BC942}") = "OPCUDA", "oplib\opcuda\opcuda.vcproj", "{3BCF2639-93FA-45BE-83DF-7D28F9485422}"
EndProject
Project("{FAE04EC0-301F-11D3-BF4B-00C04F79EFBC}") = "opmodel", "oplib\opmodel\opmodel.csproj", "{5505770C-900D-4587-8809-A5C6B2E19733}"
EndProject
Project("{FAE04EC0-301F-11D3-BF4B-00C04F79EFBC}") = "bstest", "tests\bstest\bstest.csproj", "{C4074E1D-6941-4741-8CAE-34E471C6A85A}"
EndProject
Global
	GlobalSection(SolutionConfigurationPlatforms) = preSolution
		Debug|Any CPU = Debug|Any CPU
		Debug|Mixed Platforms = Debug|Mixed Platforms
		Debug|Win32 = Debug|Win32
		Release|Any CPU = Release|Any CPU
		Release|Mixed Platforms = Release|Mixed Platforms
		Release|Win32 = Release|Win32
	EndGlobalSection
	GlobalSection(ProjectConfigurationPlatforms) = postSolution
		{AAE50518-A8EA-413C-8E94-77ACAAE54FBF}.Debug|Any CPU.ActiveCfg = Debug|Any CPU
		{AAE50518-A8EA-413C-8E94-77ACAAE54FBF}.Debug|Any CPU.Build.0 = Debug|Any CPU
		{AAE50518-A8EA-413C-8E94-77ACAAE54FBF}.Debug|Mixed Platforms.ActiveCfg = Debug|Any CPU
		{AAE50518-A8EA-413C-8E94-77ACAAE54FBF}.Debug|Mixed Platforms.Build.0 = Debug|Any CPU
		{AAE50518-A8EA-413C-8E94-77ACAAE54FBF}.Debug|Win32.ActiveCfg = Debug|Any CPU
		{AAE50518-A8EA-413C-8E94-77ACAAE54FBF}.Release|Any CPU.ActiveCfg = Release|Any CPU
		{AAE50518-A8EA-413C-8E94-77ACAAE54FBF}.Release|Any CPU.Build.0 = Release|Any CPU
		{AAE50518-A8EA-413C-8E94-77ACAAE54FBF}.Release|Mixed Platforms.ActiveCfg = Release|Any CPU
		{AAE50518-A8EA-413C-8E94-77ACAAE54FBF}.Release|Mixed Platforms.Build.0 = Release|Any CPU
		{AAE50518-A8EA-413C-8E94-77ACAAE54FBF}.Release|Win32.ActiveCfg = Release|Any CPU
		{D78075CE-A681-490F-B942-560121F4A533}.Debug|Any CPU.ActiveCfg = Debug|Any CPU
		{D78075CE-A681-490F-B942-560121F4A533}.Debug|Any CPU.Build.0 = Debug|Any CPU
		{D78075CE-A681-490F-B942-560121F4A533}.Debug|Mixed Platforms.ActiveCfg = Debug|Any CPU
		{D78075CE-A681-490F-B942-560121F4A533}.Debug|Mixed Platforms.Build.0 = Debug|Any CPU
		{D78075CE-A681-490F-B942-560121F4A533}.Debug|Win32.ActiveCfg = Debug|Any CPU
		{D78075CE-A681-490F-B942-560121F4A533}.Release|Any CPU.ActiveCfg = Release|Any CPU
		{D78075CE-A681-490F-B942-560121F4A533}.Release|Any CPU.Build.0 = Release|Any CPU
		{D78075CE-A681-490F-B942-560121F4A533}.Release|Mixed Platforms.ActiveCfg = Release|Any CPU
		{D78075CE-A681-490F-B942-560121F4A533}.Release|Mixed Platforms.Build.0 = Release|Any CPU
		{D78075CE-A681-490F-B942-560121F4A533}.Release|Win32.ActiveCfg = Release|Any CPU
		{D0967EA2-7289-4C3A-AB2A-C28827AB03AC}.Debug|Any CPU.ActiveCfg = Debug|Any CPU
		{D0967EA2-7289-4C3A-AB2A-C28827AB03AC}.Debug|Any CPU.Build.0 = Debug|Any CPU
		{D0967EA2-7289-4C3A-AB2A-C28827AB03AC}.Debug|Mixed Platforms.ActiveCfg = Debug|Any CPU
		{D0967EA2-7289-4C3A-AB2A-C28827AB03AC}.Debug|Mixed Platforms.Build.0 = Debug|Any CPU
		{D0967EA2-7289-4C3A-AB2A-C28827AB03AC}.Debug|Win32.ActiveCfg = Debug|Any CPU
		{D0967EA2-7289-4C3A-AB2A-C28827AB03AC}.Release|Any CPU.ActiveCfg = Release|Any CPU
		{D0967EA2-7289-4C3A-AB2A-C28827AB03AC}.Release|Any CPU.Build.0 = Release|Any CPU
		{D0967EA2-7289-4C3A-AB2A-C28827AB03AC}.Release|Mixed Platforms.ActiveCfg = Release|Any CPU
		{D0967EA2-7289-4C3A-AB2A-C28827AB03AC}.Release|Mixed Platforms.Build.0 = Release|Any CPU
		{D0967EA2-7289-4C3A-AB2A-C28827AB03AC}.Release|Win32.ActiveCfg = Release|Any CPU
		{53D4B772-DA09-40F9-B45E-AC34F5983952}.Debug|Any CPU.ActiveCfg = Debug|Any CPU
		{53D4B772-DA09-40F9-B45E-AC34F5983952}.Debug|Any CPU.Build.0 = Debug|Any CPU
		{53D4B772-DA09-40F9-B45E-AC34F5983952}.Debug|Mixed Platforms.ActiveCfg = Debug|Any CPU
		{53D4B772-DA09-40F9-B45E-AC34F5983952}.Debug|Mixed Platforms.Build.0 = Debug|Any CPU
		{53D4B772-DA09-40F9-B45E-AC34F5983952}.Debug|Win32.ActiveCfg = Debug|Any CPU
		{53D4B772-DA09-40F9-B45E-AC34F5983952}.Release|Any CPU.ActiveCfg = Release|Any CPU
		{53D4B772-DA09-40F9-B45E-AC34F5983952}.Release|Any CPU.Build.0 = Release|Any CPU
		{53D4B772-DA09-40F9-B45E-AC34F5983952}.Release|Mixed Platforms.ActiveCfg = Release|Any CPU
		{53D4B772-DA09-40F9-B45E-AC34F5983952}.Release|Mixed Platforms.Build.0 = Release|Any CPU
		{53D4B772-DA09-40F9-B45E-AC34F5983952}.Release|Win32.ActiveCfg = Release|Any CPU
		{36A44D3A-619A-4301-A61C-D983E1A93D33}.Debug|Any CPU.ActiveCfg = Debug|Any CPU
		{36A44D3A-619A-4301-A61C-D983E1A93D33}.Debug|Any CPU.Build.0 = Debug|Any CPU
		{36A44D3A-619A-4301-A61C-D983E1A93D33}.Debug|Mixed Platforms.ActiveCfg = Debug|Any CPU
		{36A44D3A-619A-4301-A61C-D983E1A93D33}.Debug|Mixed Platforms.Build.0 = Debug|Any CPU
		{36A44D3A-619A-4301-A61C-D983E1A93D33}.Debug|Win32.ActiveCfg = Debug|Any CPU
		{36A44D3A-619A-4301-A61C-D983E1A93D33}.Release|Any CPU.ActiveCfg = Release|Any CPU
		{36A44D3A-619A-4301-A61C-D983E1A93D33}.Release|Any CPU.Build.0 = Release|Any CPU
		{36A44D3A-619A-4301-A61C-D983E1A93D33}.Release|Mixed Platforms.ActiveCfg = Release|Any CPU
		{36A44D3A-619A-4301-A61C-D983E1A93D33}.Release|Mixed Platforms.Build.0 = Release|Any CPU
		{36A44D3A-619A-4301-A61C-D983E1A93D33}.Release|Win32.ActiveCfg = Release|Any CPU
		{DFC857A9-9F52-4828-AD17-0E0446F2FB32}.Debug|Any CPU.ActiveCfg = Debug|Any CPU
		{DFC857A9-9F52-4828-AD17-0E0446F2FB32}.Debug|Any CPU.Build.0 = Debug|Any CPU
		{DFC857A9-9F52-4828-AD17-0E0446F2FB32}.Debug|Mixed Platforms.ActiveCfg = Debug|Any CPU
		{DFC857A9-9F52-4828-AD17-0E0446F2FB32}.Debug|Mixed Platforms.Build.0 = Debug|Any CPU
		{DFC857A9-9F52-4828-AD17-0E0446F2FB32}.Debug|Win32.ActiveCfg = Debug|Any CPU
		{DFC857A9-9F52-4828-AD17-0E0446F2FB32}.Release|Any CPU.ActiveCfg = Release|Any CPU
		{DFC857A9-9F52-4828-AD17-0E0446F2FB32}.Release|Any CPU.Build.0 = Release|Any CPU
		{DFC857A9-9F52-4828-AD17-0E0446F2FB32}.Release|Mixed Platforms.ActiveCfg = Release|Any CPU
		{DFC857A9-9F52-4828-AD17-0E0446F2FB32}.Release|Mixed Platforms.Build.0 = Release|Any CPU
		{DFC857A9-9F52-4828-AD17-0E0446F2FB32}.Release|Win32.ActiveCfg = Release|Any CPU
		{B19480B5-B1FF-407F-9650-928E26085CAB}.Debug|Any CPU.ActiveCfg = Debug|Any CPU
		{B19480B5-B1FF-407F-9650-928E26085CAB}.Debug|Any CPU.Build.0 = Debug|Any CPU
		{B19480B5-B1FF-407F-9650-928E26085CAB}.Debug|Mixed Platforms.ActiveCfg = Debug|Any CPU
		{B19480B5-B1FF-407F-9650-928E26085CAB}.Debug|Mixed Platforms.Build.0 = Debug|Any CPU
		{B19480B5-B1FF-407F-9650-928E26085CAB}.Debug|Win32.ActiveCfg = Debug|Any CPU
		{B19480B5-B1FF-407F-9650-928E26085CAB}.Release|Any CPU.ActiveCfg = Release|Any CPU
		{B19480B5-B1FF-407F-9650-928E26085CAB}.Release|Any CPU.Build.0 = Release|Any CPU
		{B19480B5-B1FF-407F-9650-928E26085CAB}.Release|Mixed Platforms.ActiveCfg = Release|Any CPU
		{B19480B5-B1FF-407F-9650-928E26085CAB}.Release|Mixed Platforms.Build.0 = Release|Any CPU
		{B19480B5-B1FF-407F-9650-928E26085CAB}.Release|Win32.ActiveCfg = Release|Any CPU
		{38216C0C-9D69-4494-A250-BB2748A89F7C}.Debug|Any CPU.ActiveCfg = Debug|Any CPU
		{38216C0C-9D69-4494-A250-BB2748A89F7C}.Debug|Any CPU.Build.0 = Debug|Any CPU
		{38216C0C-9D69-4494-A250-BB2748A89F7C}.Debug|Mixed Platforms.ActiveCfg = Debug|Any CPU
		{38216C0C-9D69-4494-A250-BB2748A89F7C}.Debug|Mixed Platforms.Build.0 = Debug|Any CPU
		{38216C0C-9D69-4494-A250-BB2748A89F7C}.Debug|Win32.ActiveCfg = Debug|Any CPU
		{38216C0C-9D69-4494-A250-BB2748A89F7C}.Release|Any CPU.ActiveCfg = Release|Any CPU
		{38216C0C-9D69-4494-A250-BB2748A89F7C}.Release|Any CPU.Build.0 = Release|Any CPU
		{38216C0C-9D69-4494-A250-BB2748A89F7C}.Release|Mixed Platforms.ActiveCfg = Release|Any CPU
		{38216C0C-9D69-4494-A250-BB2748A89F7C}.Release|Mixed Platforms.Build.0 = Release|Any CPU
		{38216C0C-9D69-4494-A250-BB2748A89F7C}.Release|Win32.ActiveCfg = Release|Any CPU
		{7BD6A6B0-329B-48B2-BA0D-5598D692CFC7}.Debug|Any CPU.ActiveCfg = Debug|Any CPU
		{7BD6A6B0-329B-48B2-BA0D-5598D692CFC7}.Debug|Any CPU.Build.0 = Debug|Any CPU
		{7BD6A6B0-329B-48B2-BA0D-5598D692CFC7}.Debug|Mixed Platforms.ActiveCfg = Debug|Any CPU
		{7BD6A6B0-329B-48B2-BA0D-5598D692CFC7}.Debug|Mixed Platforms.Build.0 = Debug|Any CPU
		{7BD6A6B0-329B-48B2-BA0D-5598D692CFC7}.Debug|Win32.ActiveCfg = Debug|Any CPU
		{7BD6A6B0-329B-48B2-BA0D-5598D692CFC7}.Release|Any CPU.ActiveCfg = Release|Any CPU
		{7BD6A6B0-329B-48B2-BA0D-5598D692CFC7}.Release|Any CPU.Build.0 = Release|Any CPU
		{7BD6A6B0-329B-48B2-BA0D-5598D692CFC7}.Release|Mixed Platforms.ActiveCfg = Release|Any CPU
		{7BD6A6B0-329B-48B2-BA0D-5598D692CFC7}.Release|Mixed Platforms.Build.0 = Release|Any CPU
		{7BD6A6B0-329B-48B2-BA0D-5598D692CFC7}.Release|Win32.ActiveCfg = Release|Any CPU
		{3FB31EB7-3023-4D07-8F05-03BCEEA8559D}.Debug|Any CPU.ActiveCfg = Debug|Any CPU
		{3FB31EB7-3023-4D07-8F05-03BCEEA8559D}.Debug|Any CPU.Build.0 = Debug|Any CPU
		{3FB31EB7-3023-4D07-8F05-03BCEEA8559D}.Debug|Mixed Platforms.ActiveCfg = Debug|Any CPU
		{3FB31EB7-3023-4D07-8F05-03BCEEA8559D}.Debug|Mixed Platforms.Build.0 = Debug|Any CPU
		{3FB31EB7-3023-4D07-8F05-03BCEEA8559D}.Debug|Win32.ActiveCfg = Debug|Any CPU
		{3FB31EB7-3023-4D07-8F05-03BCEEA8559D}.Release|Any CPU.ActiveCfg = Release|Any CPU
		{3FB31EB7-3023-4D07-8F05-03BCEEA8559D}.Release|Any CPU.Build.0 = Release|Any CPU
		{3FB31EB7-3023-4D07-8F05-03BCEEA8559D}.Release|Mixed Platforms.ActiveCfg = Release|Any CPU
		{3FB31EB7-3023-4D07-8F05-03BCEEA8559D}.Release|Mixed Platforms.Build.0 = Release|Any CPU
		{3FB31EB7-3023-4D07-8F05-03BCEEA8559D}.Release|Win32.ActiveCfg = Release|Any CPU
		{493C177C-7A5D-4A58-A521-A5DFD1D19493}.Debug|Any CPU.ActiveCfg = Debug|Any CPU
		{493C177C-7A5D-4A58-A521-A5DFD1D19493}.Debug|Any CPU.Build.0 = Debug|Any CPU
		{493C177C-7A5D-4A58-A521-A5DFD1D19493}.Debug|Mixed Platforms.ActiveCfg = Debug|Any CPU
		{493C177C-7A5D-4A58-A521-A5DFD1D19493}.Debug|Mixed Platforms.Build.0 = Debug|Any CPU
		{493C177C-7A5D-4A58-A521-A5DFD1D19493}.Debug|Win32.ActiveCfg = Debug|Any CPU
		{493C177C-7A5D-4A58-A521-A5DFD1D19493}.Release|Any CPU.ActiveCfg = Release|Any CPU
		{493C177C-7A5D-4A58-A521-A5DFD1D19493}.Release|Any CPU.Build.0 = Release|Any CPU
		{493C177C-7A5D-4A58-A521-A5DFD1D19493}.Release|Mixed Platforms.ActiveCfg = Release|Any CPU
		{493C177C-7A5D-4A58-A521-A5DFD1D19493}.Release|Mixed Platforms.Build.0 = Release|Any CPU
		{493C177C-7A5D-4A58-A521-A5DFD1D19493}.Release|Win32.ActiveCfg = Release|Any CPU
		{9DE87747-1A26-425A-B3D6-4802EEC45743}.Debug|Any CPU.ActiveCfg = Debug|Any CPU
		{9DE87747-1A26-425A-B3D6-4802EEC45743}.Debug|Any CPU.Build.0 = Debug|Any CPU
		{9DE87747-1A26-425A-B3D6-4802EEC45743}.Debug|Mixed Platforms.ActiveCfg = Debug|Any CPU
		{9DE87747-1A26-425A-B3D6-4802EEC45743}.Debug|Mixed Platforms.Build.0 = Debug|Any CPU
		{9DE87747-1A26-425A-B3D6-4802EEC45743}.Debug|Win32.ActiveCfg = Debug|Any CPU
		{9DE87747-1A26-425A-B3D6-4802EEC45743}.Release|Any CPU.ActiveCfg = Release|Any CPU
		{9DE87747-1A26-425A-B3D6-4802EEC45743}.Release|Any CPU.Build.0 = Release|Any CPU
		{9DE87747-1A26-425A-B3D6-4802EEC45743}.Release|Mixed Platforms.ActiveCfg = Release|Any CPU
		{9DE87747-1A26-425A-B3D6-4802EEC45743}.Release|Mixed Platforms.Build.0 = Release|Any CPU
		{9DE87747-1A26-425A-B3D6-4802EEC45743}.Release|Win32.ActiveCfg = Release|Any CPU
		{D744BFAA-342A-41D9-8E05-B450C48A2E11}.Debug|Any CPU.ActiveCfg = Debug|Any CPU
		{D744BFAA-342A-41D9-8E05-B450C48A2E11}.Debug|Any CPU.Build.0 = Debug|Any CPU
		{D744BFAA-342A-41D9-8E05-B450C48A2E11}.Debug|Mixed Platforms.ActiveCfg = Debug|Any CPU
		{D744BFAA-342A-41D9-8E05-B450C48A2E11}.Debug|Mixed Platforms.Build.0 = Debug|Any CPU
		{D744BFAA-342A-41D9-8E05-B450C48A2E11}.Debug|Win32.ActiveCfg = Debug|Any CPU
		{D744BFAA-342A-41D9-8E05-B450C48A2E11}.Release|Any CPU.ActiveCfg = Release|Any CPU
		{D744BFAA-342A-41D9-8E05-B450C48A2E11}.Release|Any CPU.Build.0 = Release|Any CPU
		{D744BFAA-342A-41D9-8E05-B450C48A2E11}.Release|Mixed Platforms.ActiveCfg = Release|Any CPU
		{D744BFAA-342A-41D9-8E05-B450C48A2E11}.Release|Mixed Platforms.Build.0 = Release|Any CPU
		{D744BFAA-342A-41D9-8E05-B450C48A2E11}.Release|Win32.ActiveCfg = Release|Any CPU
		{C96A8622-6D87-460E-9AC7-B806214A58A6}.Debug|Any CPU.ActiveCfg = Debug|Win32
		{C96A8622-6D87-460E-9AC7-B806214A58A6}.Debug|Mixed Platforms.ActiveCfg = Debug|Win32
		{C96A8622-6D87-460E-9AC7-B806214A58A6}.Debug|Mixed Platforms.Build.0 = Debug|Win32
		{C96A8622-6D87-460E-9AC7-B806214A58A6}.Debug|Win32.ActiveCfg = Debug|Win32
		{C96A8622-6D87-460E-9AC7-B806214A58A6}.Debug|Win32.Build.0 = Debug|Win32
		{C96A8622-6D87-460E-9AC7-B806214A58A6}.Release|Any CPU.ActiveCfg = Release|Win32
		{C96A8622-6D87-460E-9AC7-B806214A58A6}.Release|Mixed Platforms.ActiveCfg = Release|Win32
		{C96A8622-6D87-460E-9AC7-B806214A58A6}.Release|Mixed Platforms.Build.0 = Release|Win32
		{C96A8622-6D87-460E-9AC7-B806214A58A6}.Release|Win32.ActiveCfg = Release|Win32
		{C96A8622-6D87-460E-9AC7-B806214A58A6}.Release|Win32.Build.0 = Release|Win32
		{3BCF2639-93FA-45BE-83DF-7D28F9485422}.Debug|Any CPU.ActiveCfg = Debug|Win32
		{3BCF2639-93FA-45BE-83DF-7D28F9485422}.Debug|Mixed Platforms.ActiveCfg = Debug|Win32
		{3BCF2639-93FA-45BE-83DF-7D28F9485422}.Debug|Mixed Platforms.Build.0 = Debug|Win32
		{3BCF2639-93FA-45BE-83DF-7D28F9485422}.Debug|Win32.ActiveCfg = Debug|Win32
		{3BCF2639-93FA-45BE-83DF-7D28F9485422}.Debug|Win32.Build.0 = Debug|Win32
		{3BCF2639-93FA-45BE-83DF-7D28F9485422}.Release|Any CPU.ActiveCfg = Release|Win32
		{3BCF2639-93FA-45BE-83DF-7D28F9485422}.Release|Mixed Platforms.ActiveCfg = Release|Win32
		{3BCF2639-93FA-45BE-83DF-7D28F9485422}.Release|Mixed Platforms.Build.0 = Release|Win32
		{3BCF2639-93FA-45BE-83DF-7D28F9485422}.Release|Win32.ActiveCfg = Release|Win32
		{3BCF2639-93FA-45BE-83DF-7D28F9485422}.Release|Win32.Build.0 = Release|Win32
		{5505770C-900D-4587-8809-A5C6B2E19733}.Debug|Any CPU.ActiveCfg = Debug|Any CPU
		{5505770C-900D-4587-8809-A5C6B2E19733}.Debug|Any CPU.Build.0 = Debug|Any CPU
		{5505770C-900D-4587-8809-A5C6B2E19733}.Debug|Mixed Platforms.ActiveCfg = Debug|Any CPU
		{5505770C-900D-4587-8809-A5C6B2E19733}.Debug|Mixed Platforms.Build.0 = Debug|Any CPU
		{5505770C-900D-4587-8809-A5C6B2E19733}.Debug|Win32.ActiveCfg = Debug|Any CPU
		{5505770C-900D-4587-8809-A5C6B2E19733}.Release|Any CPU.ActiveCfg = Release|Any CPU
		{5505770C-900D-4587-8809-A5C6B2E19733}.Release|Any CPU.Build.0 = Release|Any CPU
		{5505770C-900D-4587-8809-A5C6B2E19733}.Release|Mixed Platforms.ActiveCfg = Release|Any CPU
		{5505770C-900D-4587-8809-A5C6B2E19733}.Release|Mixed Platforms.Build.0 = Release|Any CPU
		{5505770C-900D-4587-8809-A5C6B2E19733}.Release|Win32.ActiveCfg = Release|Any CPU
		{C4074E1D-6941-4741-8CAE-34E471C6A85A}.Debug|Any CPU.ActiveCfg = Debug|Any CPU
		{C4074E1D-6941-4741-8CAE-34E471C6A85A}.Debug|Any CPU.Build.0 = Debug|Any CPU
		{C4074E1D-6941-4741-8CAE-34E471C6A85A}.Debug|Mixed Platforms.ActiveCfg = Debug|Any CPU
		{C4074E1D-6941-4741-8CAE-34E471C6A85A}.Debug|Mixed Platforms.Build.0 = Debug|Any CPU
		{C4074E1D-6941-4741-8CAE-34E471C6A85A}.Debug|Win32.ActiveCfg = Debug|Any CPU
		{C4074E1D-6941-4741-8CAE-34E471C6A85A}.Release|Any CPU.ActiveCfg = Release|Any CPU
		{C4074E1D-6941-4741-8CAE-34E471C6A85A}.Release|Any CPU.Build.0 = Release|Any CPU
		{C4074E1D-6941-4741-8CAE-34E471C6A85A}.Release|Mixed Platforms.ActiveCfg = Release|Any CPU
		{C4074E1D-6941-4741-8CAE-34E471C6A85A}.Release|Mixed Platforms.Build.0 = Release|Any CPU
		{C4074E1D-6941-4741-8CAE-34E471C6A85A}.Release|Win32.ActiveCfg = Release|Any CPU
	EndGlobalSection
	GlobalSection(SolutionProperties) = preSolution
		HideSolutionNode = FALSE
	EndGlobalSection
	GlobalSection(NestedProjects) = preSolution
		{AAE50518-A8EA-413C-8E94-77ACAAE54FBF} = {1C4F00BD-9171-4F26-9F96-A9D637A6522E}
		{D78075CE-A681-490F-B942-560121F4A533} = {1C4F00BD-9171-4F26-9F96-A9D637A6522E}
		{D0967EA2-7289-4C3A-AB2A-C28827AB03AC} = {1C4F00BD-9171-4F26-9F96-A9D637A6522E}
		{53D4B772-DA09-40F9-B45E-AC34F5983952} = {1C4F00BD-9171-4F26-9F96-A9D637A6522E}
		{36A44D3A-619A-4301-A61C-D983E1A93D33} = {1C4F00BD-9171-4F26-9F96-A9D637A6522E}
		{DFC857A9-9F52-4828-AD17-0E0446F2FB32} = {1C4F00BD-9171-4F26-9F96-A9D637A6522E}
		{B19480B5-B1FF-407F-9650-928E26085CAB} = {1C4F00BD-9171-4F26-9F96-A9D637A6522E}
		{38216C0C-9D69-4494-A250-BB2748A89F7C} = {1C4F00BD-9171-4F26-9F96-A9D637A6522E}
		{7BD6A6B0-329B-48B2-BA0D-5598D692CFC7} = {1C4F00BD-9171-4F26-9F96-A9D637A6522E}
		{3FB31EB7-3023-4D07-8F05-03BCEEA8559D} = {1C4F00BD-9171-4F26-9F96-A9D637A6522E}
		{493C177C-7A5D-4A58-A521-A5DFD1D19493} = {1C4F00BD-9171-4F26-9F96-A9D637A6522E}
		{9DE87747-1A26-425A-B3D6-4802EEC45743} = {1C4F00BD-9171-4F26-9F96-A9D637A6522E}
		{D744BFAA-342A-41D9-8E05-B450C48A2E11} = {1C4F00BD-9171-4F26-9F96-A9D637A6522E}
		{C96A8622-6D87-460E-9AC7-B806214A58A6} = {C673C916-F78E-4B63-8073-F1DB558F8C34}
		{3BCF2639-93FA-45BE-83DF-7D28F9485422} = {C673C916-F78E-4B63-8073-F1DB558F8C34}
		{5505770C-900D-4587-8809-A5C6B2E19733} = {C673C916-F78E-4B63-8073-F1DB558F8C34}
		{C4074E1D-6941-4741-8CAE-34E471C6A85A} = {CF4FFB46-E250-406A-A52E-3ABACE3822D6}
	EndGlobalSection
EndGlobal
